
Microsoft Visual Studio Solution File, Format Version 12.00
# Visual Studio Version 16
VisualStudioVersion = 16.0.32901.82
MinimumVisualStudioVersion = 10.0.40219.1
Project("{FAE04EC0-301F-11D3-BF4B-00C04F79EFBC}") = "SalesWebMvc", "SalesWebMvc\SalesWebMvc.csproj", "{B567D43A-FE55-4E04-9A90-56E0768EB715}"
EndProject
Global
	GlobalSection(SolutionConfigurationPlatforms) = preSolution
		Debug|Any CPU = Debug|Any CPU
		Release|Any CPU = Release|Any CPU
	EndGlobalSection
	GlobalSection(ProjectConfigurationPlatforms) = postSolution
		{B567D43A-FE55-4E04-9A90-56E0768EB715}.Debug|Any CPU.ActiveCfg = Debug|Any CPU
		{B567D43A-FE55-4E04-9A90-56E0768EB715}.Debug|Any CPU.Build.0 = Debug|Any CPU
		{B567D43A-FE55-4E04-9A90-56E0768EB715}.Release|Any CPU.ActiveCfg = Release|Any CPU
		{B567D43A-FE55-4E04-9A90-56E0768EB715}.Release|Any CPU.Build.0 = Release|Any CPU
	EndGlobalSection
	GlobalSection(SolutionProperties) = preSolution
		HideSolutionNode = FALSE
	EndGlobalSection
	GlobalSection(ExtensibilityGlobals) = postSolution
		SolutionGuid = {71EBF89A-3BB0-44C9-90D3-ED7C4251162F}
	EndGlobalSection
EndGlobal
